
Microsoft Visual Studio Solution File, Format Version 12.00
# Visual Studio Version 17
VisualStudioVersion = 17.0.32126.317
MinimumVisualStudioVersion = 10.0.40219.1
Project("{FAE04EC0-301F-11D3-BF4B-00C04F79EFBC}") = "Rafik Lababidi", "Rafik Lababidi\Rafik Lababidi.csproj", "{7296BFBC-0CEC-406A-B02F-7261226FBE08}"
EndProject
Global
	GlobalSection(SolutionConfigurationPlatforms) = preSolution
		Debug|Any CPU = Debug|Any CPU
		Release|Any CPU = Release|Any CPU
	EndGlobalSection
	GlobalSection(ProjectConfigurationPlatforms) = postSolution
		{7296BFBC-0CEC-406A-B02F-7261226FBE08}.Debug|Any CPU.ActiveCfg = Debug|Any CPU
		{7296BFBC-0CEC-406A-B02F-7261226FBE08}.Debug|Any CPU.Build.0 = Debug|Any CPU
		{7296BFBC-0CEC-406A-B02F-7261226FBE08}.Release|Any CPU.ActiveCfg = Release|Any CPU
		{7296BFBC-0CEC-406A-B02F-7261226FBE08}.Release|Any CPU.Build.0 = Release|Any CPU
	EndGlobalSection
	GlobalSection(SolutionProperties) = preSolution
		HideSolutionNode = FALSE
	EndGlobalSection
	GlobalSection(ExtensibilityGlobals) = postSolution
		SolutionGuid = {E411A3A7-4EA0-429B-95AC-2D0B2FF0E3C5}
	EndGlobalSection
EndGlobal
